
Microsoft Visual Studio Solution File, Format Version 12.00
# Visual Studio Version 17
VisualStudioVersion = 17.4.33110.190
MinimumVisualStudioVersion = 10.0.40219.1
Project("{FAE04EC0-301F-11D3-BF4B-00C04F79EFBC}") = "Room1SortProjectApp", "Room1SortProjectApp\Room1SortProjectApp.csproj", "{F1374644-7127-44A7-AF60-5EDC5118CE86}"
EndProject
Global
	GlobalSection(SolutionConfigurationPlatforms) = preSolution
		Debug|Any CPU = Debug|Any CPU
		Release|Any CPU = Release|Any CPU
	EndGlobalSection
	GlobalSection(ProjectConfigurationPlatforms) = postSolution
		{F1374644-7127-44A7-AF60-5EDC5118CE86}.Debug|Any CPU.ActiveCfg = Debug|Any CPU
		{F1374644-7127-44A7-AF60-5EDC5118CE86}.Debug|Any CPU.Build.0 = Debug|Any CPU
		{F1374644-7127-44A7-AF60-5EDC5118CE86}.Release|Any CPU.ActiveCfg = Release|Any CPU
		{F1374644-7127-44A7-AF60-5EDC5118CE86}.Release|Any CPU.Build.0 = Release|Any CPU
	EndGlobalSection
	GlobalSection(SolutionProperties) = preSolution
		HideSolutionNode = FALSE
	EndGlobalSection
	GlobalSection(ExtensibilityGlobals) = postSolution
		SolutionGuid = {A2D01F5F-EC62-40B0-A431-68323D0B8A34}
	EndGlobalSection
EndGlobal
